
Microsoft Visual Studio Solution File, Format Version 12.00
# Visual Studio Version 16
VisualStudioVersion = 16.0.28803.156
MinimumVisualStudioVersion = 10.0.40219.1
Project("{FAE04EC0-301F-11D3-BF4B-00C04F79EFBC}") = "TableConfiguring", "TableConfiguring\TableConfiguring.csproj", "{A64CC56F-6B77-49BC-BC90-6371F95411D9}"
EndProject
Project("{FAE04EC0-301F-11D3-BF4B-00C04F79EFBC}") = "DevApp", "DevApp\DevApp.csproj", "{F985A9E6-7457-4E72-8518-B9C3A53E8FE8}"
	ProjectSection(ProjectDependencies) = postProject
		{A64CC56F-6B77-49BC-BC90-6371F95411D9} = {A64CC56F-6B77-49BC-BC90-6371F95411D9}
	EndProjectSection
EndProject
Global
	GlobalSection(SolutionConfigurationPlatforms) = preSolution
		Debug|Any CPU = Debug|Any CPU
		Release|Any CPU = Release|Any CPU
	EndGlobalSection
	GlobalSection(ProjectConfigurationPlatforms) = postSolution
		{A64CC56F-6B77-49BC-BC90-6371F95411D9}.Debug|Any CPU.ActiveCfg = Debug|Any CPU
		{A64CC56F-6B77-49BC-BC90-6371F95411D9}.Debug|Any CPU.Build.0 = Debug|Any CPU
		{A64CC56F-6B77-49BC-BC90-6371F95411D9}.Release|Any CPU.ActiveCfg = Release|Any CPU
		{A64CC56F-6B77-49BC-BC90-6371F95411D9}.Release|Any CPU.Build.0 = Release|Any CPU
		{F985A9E6-7457-4E72-8518-B9C3A53E8FE8}.Debug|Any CPU.ActiveCfg = Debug|Any CPU
		{F985A9E6-7457-4E72-8518-B9C3A53E8FE8}.Debug|Any CPU.Build.0 = Debug|Any CPU
		{F985A9E6-7457-4E72-8518-B9C3A53E8FE8}.Release|Any CPU.ActiveCfg = Release|Any CPU
		{F985A9E6-7457-4E72-8518-B9C3A53E8FE8}.Release|Any CPU.Build.0 = Release|Any CPU
	EndGlobalSection
	GlobalSection(SolutionProperties) = preSolution
		HideSolutionNode = FALSE
	EndGlobalSection
	GlobalSection(ExtensibilityGlobals) = postSolution
		SolutionGuid = {5D00D7F9-D0BB-4441-BA21-EF4376DCD51C}
	EndGlobalSection
EndGlobal
